
Microsoft Visual Studio Solution File, Format Version 12.00
# Visual Studio Version 16
VisualStudioVersion = 16.0.30320.27
MinimumVisualStudioVersion = 10.0.40219.1
Project("{FAE04EC0-301F-11D3-BF4B-00C04F79EFBC}") = "PaymentUI", "PaymentUI\PaymentUI.csproj", "{89D422D6-C8F5-4F66-9574-9069A6A53AF5}"
EndProject
Global
	GlobalSection(SolutionConfigurationPlatforms) = preSolution
		Debug|Any CPU = Debug|Any CPU
		Release|Any CPU = Release|Any CPU
	EndGlobalSection
	GlobalSection(ProjectConfigurationPlatforms) = postSolution
		{89D422D6-C8F5-4F66-9574-9069A6A53AF5}.Debug|Any CPU.ActiveCfg = Debug|Any CPU
		{89D422D6-C8F5-4F66-9574-9069A6A53AF5}.Debug|Any CPU.Build.0 = Debug|Any CPU
		{89D422D6-C8F5-4F66-9574-9069A6A53AF5}.Release|Any CPU.ActiveCfg = Release|Any CPU
		{89D422D6-C8F5-4F66-9574-9069A6A53AF5}.Release|Any CPU.Build.0 = Release|Any CPU
	EndGlobalSection
	GlobalSection(SolutionProperties) = preSolution
		HideSolutionNode = FALSE
	EndGlobalSection
	GlobalSection(ExtensibilityGlobals) = postSolution
		SolutionGuid = {BDC99C6F-DB21-4DA1-8CF7-223D97A12619}
	EndGlobalSection
EndGlobal
